
Microsoft Visual Studio Solution File, Format Version 12.00
# Visual Studio Version 16
VisualStudioVersion = 16.0.31624.102
MinimumVisualStudioVersion = 10.0.40219.1
Project("{8BC9CEB8-8B4A-11D0-8D11-00A0C91BC942}") = "WinRT", "WinRT\WinRT.vcxproj", "{13FBB5B6-8CBB-44DC-A43E-C76DCB6F9E48}"
EndProject
Global
	GlobalSection(SolutionConfigurationPlatforms) = preSolution
		Debug|x64 = Debug|x64
		Debug|x86 = Debug|x86
		Release|x64 = Release|x64
		Release|x86 = Release|x86
	EndGlobalSection
	GlobalSection(ProjectConfigurationPlatforms) = postSolution
		{13FBB5B6-8CBB-44DC-A43E-C76DCB6F9E48}.Debug|x64.ActiveCfg = Debug|x64
		{13FBB5B6-8CBB-44DC-A43E-C76DCB6F9E48}.Debug|x64.Build.0 = Debug|x64
		{13FBB5B6-8CBB-44DC-A43E-C76DCB6F9E48}.Debug|x86.ActiveCfg = Debug|Win32
		{13FBB5B6-8CBB-44DC-A43E-C76DCB6F9E48}.Debug|x86.Build.0 = Debug|Win32
		{13FBB5B6-8CBB-44DC-A43E-C76DCB6F9E48}.Release|x64.ActiveCfg = Release|x64
		{13FBB5B6-8CBB-44DC-A43E-C76DCB6F9E48}.Release|x64.Build.0 = Release|x64
		{13FBB5B6-8CBB-44DC-A43E-C76DCB6F9E48}.Release|x86.ActiveCfg = Release|Win32
		{13FBB5B6-8CBB-44DC-A43E-C76DCB6F9E48}.Release|x86.Build.0 = Release|Win32
	EndGlobalSection
	GlobalSection(SolutionProperties) = preSolution
		HideSolutionNode = FALSE
	EndGlobalSection
	GlobalSection(ExtensibilityGlobals) = postSolution
		SolutionGuid = {74050F58-85FE-48D5-A770-E65660186995}
	EndGlobalSection
EndGlobal
